// !$*UTF8*$!
{
	archiveVersion = 1;
	classes = {
	};
	objectVersion = 55;
	objects = {

/* Begin PBXBuildFile section */
		C63B87CA2751E9D100995B79 /* main.c in Sources */ = {isa = PBXBuildFile; fileRef = C63B87C92751E9D100995B79 /* main.c */; };
		C63B87D22751EA0E00995B79 /* hello_world.c in Sources */ = {isa = PBXBuildFile; fileRef = C63B87D12751EA0E00995B79 /* hello_world.c */; };
		C63B87D72751F8D700995B79 /* data_types.c in Sources */ = {isa = PBXBuildFile; fileRef = C63B87D62751F8D700995B79 /* data_types.c */; };
		C63B87DB275283ED00995B79 /* operators.c in Sources */ = {isa = PBXBuildFile; fileRef = C63B87DA275283ED00995B79 /* operators.c */; };
		C6516A40279FA008008511D6 /* dma.c in Sources */ = {isa = PBXBuildFile; fileRef = C6516A3F279FA008008511D6 /* dma.c */; };
		C6516A4427A0F904008511D6 /* structures.c in Sources */ = {isa = PBXBuildFile; fileRef = C6516A4327A0F904008511D6 /* structures.c */; };
		C69389092763AED900E49957 /* cast_and_sizeof.c in Sources */ = {isa = PBXBuildFile; fileRef = C69389082763AED900E49957 /* cast_and_sizeof.c */; };
		C693890D2764A0DC00E49957 /* control_flow.c in Sources */ = {isa = PBXBuildFile; fileRef = C693890C2764A0DC00E49957 /* control_flow.c */; };
		C69389112764F4CC00E49957 /* arrays.c in Sources */ = {isa = PBXBuildFile; fileRef = C69389102764F4CC00E49957 /* arrays.c */; };
		C6A815FD2786923B002FE09E /* pointers.c in Sources */ = {isa = PBXBuildFile; fileRef = C6A815FC2786923B002FE09E /* pointers.c */; };
		C6A81F0427702AFB005A0BE3 /* strings.c in Sources */ = {isa = PBXBuildFile; fileRef = C6A81F0327702AFB005A0BE3 /* strings.c */; };
		C6B8AB1B27E953AA00AE68BA /* storage_classes.c in Sources */ = {isa = PBXBuildFile; fileRef = C6B8AB1A27E953AA00AE68BA /* storage_classes.c */; };
		C6B8AB1E27E95B5300AE68BA /* storage_classes_test.c in Sources */ = {isa = PBXBuildFile; fileRef = C6B8AB1D27E95B5300AE68BA /* storage_classes_test.c */; };
		C6BA604D27A84DF50079D8E9 /* io.c in Sources */ = {isa = PBXBuildFile; fileRef = C6BA604C27A84DF50079D8E9 /* io.c */; };
/* End PBXBuildFile section */

/* Begin PBXCopyFilesBuildPhase section */
		C63B87C42751E9D100995B79 /* CopyFiles */ = {
			isa = PBXCopyFilesBuildPhase;
			buildActionMask = 2147483647;
			dstPath = /usr/share/man/man1/;
			dstSubfolderSpec = 0;
			files = (
			);
			runOnlyForDeploymentPostprocessing = 1;
		};
/* End PBXCopyFilesBuildPhase section */

/* Begin PBXFileReference section */
		C63B87C62751E9D100995B79 /* CCode */ = {isa = PBXFileReference; explicitFileType = "compiled.mach-o.executable"; includeInIndex = 0; path = CCode; sourceTree = BUILT_PRODUCTS_DIR; };
		C63B87C92751E9D100995B79 /* main.c */ = {isa = PBXFileReference; lastKnownFileType = sourcecode.c.c; path = main.c; sourceTree = "<group>"; };
		C63B87D02751EA0E00995B79 /* hello_world.h */ = {isa = PBXFileReference; lastKnownFileType = sourcecode.c.h; path = hello_world.h; sourceTree = "<group>"; };
		C63B87D12751EA0E00995B79 /* hello_world.c */ = {isa = PBXFileReference; lastKnownFileType = sourcecode.c.c; path = hello_world.c; sourceTree = "<group>"; };
		C63B87D52751F8D700995B79 /* data_types.h */ = {isa = PBXFileReference; lastKnownFileType = sourcecode.c.h; path = data_types.h; sourceTree = "<group>"; };
		C63B87D62751F8D700995B79 /* data_types.c */ = {isa = PBXFileReference; lastKnownFileType = sourcecode.c.c; path = data_types.c; sourceTree = "<group>"; };
		C63B87D9275283ED00995B79 /* operators.h */ = {isa = PBXFileReference; lastKnownFileType = sourcecode.c.h; path = operators.h; sourceTree = "<group>"; };
		C63B87DA275283ED00995B79 /* operators.c */ = {isa = PBXFileReference; lastKnownFileType = sourcecode.c.c; path = operators.c; sourceTree = "<group>"; };
		C6516A3E279FA008008511D6 /* dma.h */ = {isa = PBXFileReference; lastKnownFileType = sourcecode.c.h; path = dma.h; sourceTree = "<group>"; };
		C6516A3F279FA008008511D6 /* dma.c */ = {isa = PBXFileReference; lastKnownFileType = sourcecode.c.c; path = dma.c; sourceTree = "<group>"; };
		C6516A4227A0F904008511D6 /* structures.h */ = {isa = PBXFileReference; lastKnownFileType = sourcecode.c.h; path = structures.h; sourceTree = "<group>"; };
		C6516A4327A0F904008511D6 /* structures.c */ = {isa = PBXFileReference; lastKnownFileType = sourcecode.c.c; path = structures.c; sourceTree = "<group>"; };
		C69389072763AED900E49957 /* cast_and_sizeof.h */ = {isa = PBXFileReference; lastKnownFileType = sourcecode.c.h; path = cast_and_sizeof.h; sourceTree = "<group>"; };
		C69389082763AED900E49957 /* cast_and_sizeof.c */ = {isa = PBXFileReference; lastKnownFileType = sourcecode.c.c; path = cast_and_sizeof.c; sourceTree = "<group>"; };
		C693890B2764A0DC00E49957 /* control_flow.h */ = {isa = PBXFileReference; lastKnownFileType = sourcecode.c.h; path = control_flow.h; sourceTree = "<group>"; };
		C693890C2764A0DC00E49957 /* control_flow.c */ = {isa = PBXFileReference; lastKnownFileType = sourcecode.c.c; path = control_flow.c; sourceTree = "<group>"; };
		C693890F2764F4CC00E49957 /* arrays.h */ = {isa = PBXFileReference; lastKnownFileType = sourcecode.c.h; path = arrays.h; sourceTree = "<group>"; };
		C69389102764F4CC00E49957 /* arrays.c */ = {isa = PBXFileReference; lastKnownFileType = sourcecode.c.c; path = arrays.c; sourceTree = "<group>"; };
		C6A815FB2786923B002FE09E /* pointers.h */ = {isa = PBXFileReference; lastKnownFileType = sourcecode.c.h; path = pointers.h; sourceTree = "<group>"; };
		C6A815FC2786923B002FE09E /* pointers.c */ = {isa = PBXFileReference; lastKnownFileType = sourcecode.c.c; path = pointers.c; sourceTree = "<group>"; };
		C6A81F0227702AFB005A0BE3 /* strings.h */ = {isa = PBXFileReference; lastKnownFileType = sourcecode.c.h; path = strings.h; sourceTree = "<group>"; };
		C6A81F0327702AFB005A0BE3 /* strings.c */ = {isa = PBXFileReference; lastKnownFileType = sourcecode.c.c; path = strings.c; sourceTree = "<group>"; };
		C6B8AB1927E953AA00AE68BA /* storage_classes.h */ = {isa = PBXFileReference; lastKnownFileType = sourcecode.c.h; path = storage_classes.h; sourceTree = "<group>"; };
		C6B8AB1A27E953AA00AE68BA /* storage_classes.c */ = {isa = PBXFileReference; lastKnownFileType = sourcecode.c.c; path = storage_classes.c; sourceTree = "<group>"; };
		C6B8AB1C27E95B5300AE68BA /* storage_classes_test.h */ = {isa = PBXFileReference; lastKnownFileType = sourcecode.c.h; path = storage_classes_test.h; sourceTree = "<group>"; };
		C6B8AB1D27E95B5300AE68BA /* storage_classes_test.c */ = {isa = PBXFileReference; lastKnownFileType = sourcecode.c.c; path = storage_classes_test.c; sourceTree = "<group>"; };
		C6BA604B27A84DF50079D8E9 /* io.h */ = {isa = PBXFileReference; lastKnownFileType = sourcecode.c.h; path = io.h; sourceTree = "<group>"; };
		C6BA604C27A84DF50079D8E9 /* io.c */ = {isa = PBXFileReference; lastKnownFileType = sourcecode.c.c; path = io.c; sourceTree = "<group>"; };
/* End PBXFileReference section */

/* Begin PBXFrameworksBuildPhase section */
		C63B87C32751E9D100995B79 /* Frameworks */ = {
			isa = PBXFrameworksBuildPhase;
			buildActionMask = 2147483647;
			files = (
			);
			runOnlyForDeploymentPostprocessing = 0;
		};
/* End PBXFrameworksBuildPhase section */

/* Begin PBXGroup section */
		C63A1CD327D1C62800E72977 /* problems */ = {
			isa = PBXGroup;
			children = (
				C63A1CD427D1C64600E72977 /* palindrome_number */,
			);
			path = problems;
			sourceTree = "<group>";
		};
		C63A1CD427D1C64600E72977 /* palindrome_number */ = {
			isa = PBXGroup;
			children = (
			);
			path = palindrome_number;
			sourceTree = "<group>";
		};
		C63B87BD2751E9D100995B79 = {
			isa = PBXGroup;
			children = (
				C63B87C82751E9D100995B79 /* CCode */,
				C63B87C72751E9D100995B79 /* Products */,
			);
			sourceTree = "<group>";
		};
		C63B87C72751E9D100995B79 /* Products */ = {
			isa = PBXGroup;
			children = (
				C63B87C62751E9D100995B79 /* CCode */,
			);
			name = Products;
			sourceTree = "<group>";
		};
		C63B87C82751E9D100995B79 /* CCode */ = {
			isa = PBXGroup;
			children = (
				C6B8AB1827E9539500AE68BA /* storage_classes */,
				C63A1CD327D1C62800E72977 /* problems */,
				C63B87D32751EB2400995B79 /* hello_world */,
				C63B87D42751F8BB00995B79 /* data_types */,
				C69389062763AEA200E49957 /* cast_and_sizeof */,
				C693890A2764A09E00E49957 /* control_flow */,
				C693890E2764F4AF00E49957 /* arrays */,
				C6A81F0127702AE3005A0BE3 /* strings */,
				C6A815FA27869215002FE09E /* pointers */,
				C6516A3D279F9FEF008511D6 /* dma */,
				C6516A4127A0F8E8008511D6 /* structures */,
				C6BA604A27A84DD70079D8E9 /* io */,
				C63B87D8275283C400995B79 /* operators */,
				C63B87C92751E9D100995B79 /* main.c */,
			);
			path = CCode;
			sourceTree = "<group>";
		};
		C63B87D32751EB2400995B79 /* hello_world */ = {
			isa = PBXGroup;
			children = (
				C63B87D02751EA0E00995B79 /* hello_world.h */,
				C63B87D12751EA0E00995B79 /* hello_world.c */,
			);
			path = hello_world;
			sourceTree = "<group>";
		};
		C63B87D42751F8BB00995B79 /* data_types */ = {
			isa = PBXGroup;
			children = (
				C63B87D52751F8D700995B79 /* data_types.h */,
				C63B87D62751F8D700995B79 /* data_types.c */,
			);
			path = data_types;
			sourceTree = "<group>";
		};
		C63B87D8275283C400995B79 /* operators */ = {
			isa = PBXGroup;
			children = (
				C63B87D9275283ED00995B79 /* operators.h */,
				C63B87DA275283ED00995B79 /* operators.c */,
			);
			path = operators;
			sourceTree = "<group>";
		};
		C6516A3D279F9FEF008511D6 /* dma */ = {
			isa = PBXGroup;
			children = (
				C6516A3E279FA008008511D6 /* dma.h */,
				C6516A3F279FA008008511D6 /* dma.c */,
			);
			path = dma;
			sourceTree = "<group>";
		};
		C6516A4127A0F8E8008511D6 /* structures */ = {
			isa = PBXGroup;
			children = (
				C6516A4227A0F904008511D6 /* structures.h */,
				C6516A4327A0F904008511D6 /* structures.c */,
			);
			path = structures;
			sourceTree = "<group>";
		};
		C69389062763AEA200E49957 /* cast_and_sizeof */ = {
			isa = PBXGroup;
			children = (
				C69389072763AED900E49957 /* cast_and_sizeof.h */,
				C69389082763AED900E49957 /* cast_and_sizeof.c */,
			);
			path = cast_and_sizeof;
			sourceTree = "<group>";
		};
		C693890A2764A09E00E49957 /* control_flow */ = {
			isa = PBXGroup;
			children = (
				C693890B2764A0DC00E49957 /* control_flow.h */,
				C693890C2764A0DC00E49957 /* control_flow.c */,
			);
			path = control_flow;
			sourceTree = "<group>";
		};
		C693890E2764F4AF00E49957 /* arrays */ = {
			isa = PBXGroup;
			children = (
				C693890F2764F4CC00E49957 /* arrays.h */,
				C69389102764F4CC00E49957 /* arrays.c */,
			);
			path = arrays;
			sourceTree = "<group>";
		};
		C6A815FA27869215002FE09E /* pointers */ = {
			isa = PBXGroup;
			children = (
				C6A815FB2786923B002FE09E /* pointers.h */,
				C6A815FC2786923B002FE09E /* pointers.c */,
			);
			path = pointers;
			sourceTree = "<group>";
		};
		C6A81F0127702AE3005A0BE3 /* strings */ = {
			isa = PBXGroup;
			children = (
				C6A81F0227702AFB005A0BE3 /* strings.h */,
				C6A81F0327702AFB005A0BE3 /* strings.c */,
			);
			path = strings;
			sourceTree = "<group>";
		};
		C6B8AB1827E9539500AE68BA /* storage_classes */ = {
			isa = PBXGroup;
			children = (
				C6B8AB1927E953AA00AE68BA /* storage_classes.h */,
				C6B8AB1A27E953AA00AE68BA /* storage_classes.c */,
				C6B8AB1C27E95B5300AE68BA /* storage_classes_test.h */,
				C6B8AB1D27E95B5300AE68BA /* storage_classes_test.c */,
			);
			path = storage_classes;
			sourceTree = "<group>";
		};
		C6BA604A27A84DD70079D8E9 /* io */ = {
			isa = PBXGroup;
			children = (
				C6BA604B27A84DF50079D8E9 /* io.h */,
				C6BA604C27A84DF50079D8E9 /* io.c */,
			);
			path = io;
			sourceTree = "<group>";
		};
/* End PBXGroup section */

/* Begin PBXNativeTarget section */
		C63B87C52751E9D100995B79 /* CCode */ = {
			isa = PBXNativeTarget;
			buildConfigurationList = C63B87CD2751E9D100995B79 /* Build configuration list for PBXNativeTarget "CCode" */;
			buildPhases = (
				C63B87C22751E9D100995B79 /* Sources */,
				C63B87C32751E9D100995B79 /* Frameworks */,
				C63B87C42751E9D100995B79 /* CopyFiles */,
			);
			buildRules = (
			);
			dependencies = (
			);
			name = CCode;
			productName = CCode;
			productReference = C63B87C62751E9D100995B79 /* CCode */;
			productType = "com.apple.product-type.tool";
		};
/* End PBXNativeTarget section */

/* Begin PBXProject section */
		C63B87BE2751E9D100995B79 /* Project object */ = {
			isa = PBXProject;
			attributes = {
				BuildIndependentTargetsInParallel = 1;
				LastUpgradeCheck = 1310;
				TargetAttributes = {
					C63B87C52751E9D100995B79 = {
						CreatedOnToolsVersion = 13.1;
					};
				};
			};
			buildConfigurationList = C63B87C12751E9D100995B79 /* Build configuration list for PBXProject "CCode" */;
			compatibilityVersion = "Xcode 13.0";
			developmentRegion = en;
			hasScannedForEncodings = 0;
			knownRegions = (
				en,
				Base,
			);
			mainGroup = C63B87BD2751E9D100995B79;
			productRefGroup = C63B87C72751E9D100995B79 /* Products */;
			projectDirPath = "";
			projectRoot = "";
			targets = (
				C63B87C52751E9D100995B79 /* CCode */,
			);
		};
/* End PBXProject section */

/* Begin PBXSourcesBuildPhase section */
		C63B87C22751E9D100995B79 /* Sources */ = {
			isa = PBXSourcesBuildPhase;
			buildActionMask = 2147483647;
			files = (
				C6A815FD2786923B002FE09E /* pointers.c in Sources */,
				C6BA604D27A84DF50079D8E9 /* io.c in Sources */,
				C63B87CA2751E9D100995B79 /* main.c in Sources */,
				C63B87D72751F8D700995B79 /* data_types.c in Sources */,
				C6B8AB1E27E95B5300AE68BA /* storage_classes_test.c in Sources */,
				C6B8AB1B27E953AA00AE68BA /* storage_classes.c in Sources */,
				C6516A4427A0F904008511D6 /* structures.c in Sources */,
				C69389092763AED900E49957 /* cast_and_sizeof.c in Sources */,
				C63B87D22751EA0E00995B79 /* hello_world.c in Sources */,
				C6A81F0427702AFB005A0BE3 /* strings.c in Sources */,
				C63B87DB275283ED00995B79 /* operators.c in Sources */,
				C69389112764F4CC00E49957 /* arrays.c in Sources */,
				C6516A40279FA008008511D6 /* dma.c in Sources */,
				C693890D2764A0DC00E49957 /* control_flow.c in Sources */,
			);
			runOnlyForDeploymentPostprocessing = 0;
		};
/* End PBXSourcesBuildPhase section */

/* Begin XCBuildConfiguration section */
		C63B87CB2751E9D100995B79 /* Debug */ = {
			isa = XCBuildConfiguration;
			buildSettings = {
				ALWAYS_SEARCH_USER_PATHS = NO;
				CLANG_ANALYZER_NONNULL = YES;
				CLANG_ANALYZER_NUMBER_OBJECT_CONVERSION = YES_AGGRESSIVE;
				CLANG_CXX_LANGUAGE_STANDARD = "gnu++17";
				CLANG_CXX_LIBRARY = "libc++";
				CLANG_ENABLE_MODULES = YES;
				CLANG_ENABLE_OBJC_ARC = YES;
				CLANG_ENABLE_OBJC_WEAK = YES;
				CLANG_WARN_BLOCK_CAPTURE_AUTORELEASING = YES;
				CLANG_WARN_BOOL_CONVERSION = YES;
				CLANG_WARN_COMMA = YES;
				CLANG_WARN_CONSTANT_CONVERSION = YES;
				CLANG_WARN_DEPRECATED_OBJC_IMPLEMENTATIONS = YES;
				CLANG_WARN_DIRECT_OBJC_ISA_USAGE = YES_ERROR;
				CLANG_WARN_DOCUMENTATION_COMMENTS = YES;
				CLANG_WARN_EMPTY_BODY = YES;
				CLANG_WARN_ENUM_CONVERSION = YES;
				CLANG_WARN_INFINITE_RECURSION = YES;
				CLANG_WARN_INT_CONVERSION = YES;
				CLANG_WARN_NON_LITERAL_NULL_CONVERSION = YES;
				CLANG_WARN_OBJC_IMPLICIT_RETAIN_SELF = YES;
				CLANG_WARN_OBJC_LITERAL_CONVERSION = YES;
				CLANG_WARN_OBJC_ROOT_CLASS = YES_ERROR;
				CLANG_WARN_QUOTED_INCLUDE_IN_FRAMEWORK_HEADER = YES;
				CLANG_WARN_RANGE_LOOP_ANALYSIS = YES;
				CLANG_WARN_STRICT_PROTOTYPES = YES;
				CLANG_WARN_SUSPICIOUS_MOVE = YES;
				CLANG_WARN_UNGUARDED_AVAILABILITY = YES_AGGRESSIVE;
				CLANG_WARN_UNREACHABLE_CODE = YES;
				CLANG_WARN__DUPLICATE_METHOD_MATCH = YES;
				COPY_PHASE_STRIP = NO;
				DEBUG_INFORMATION_FORMAT = dwarf;
				ENABLE_STRICT_OBJC_MSGSEND = YES;
				ENABLE_TESTABILITY = YES;
				GCC_C_LANGUAGE_STANDARD = gnu11;
				GCC_DYNAMIC_NO_PIC = NO;
				GCC_NO_COMMON_BLOCKS = YES;
				GCC_OPTIMIZATION_LEVEL = 0;
				GCC_PREPROCESSOR_DEFINITIONS = (
					"DEBUG=1",
					"$(inherited)",
				);
				GCC_WARN_64_TO_32_BIT_CONVERSION = YES;
				GCC_WARN_ABOUT_RETURN_TYPE = YES_ERROR;
				GCC_WARN_UNDECLARED_SELECTOR = YES;
				GCC_WARN_UNINITIALIZED_AUTOS = YES_AGGRESSIVE;
				GCC_WARN_UNUSED_FUNCTION = YES;
				GCC_WARN_UNUSED_VARIABLE = YES;
				MACOSX_DEPLOYMENT_TARGET = 12.0;
				MTL_ENABLE_DEBUG_INFO = INCLUDE_SOURCE;
				MTL_FAST_MATH = YES;
				ONLY_ACTIVE_ARCH = YES;
				SDKROOT = macosx;
			};
			name = Debug;
		};
		C63B87CC2751E9D100995B79 /* Release */ = {
			isa = XCBuildConfiguration;
			buildSettings = {
				ALWAYS_SEARCH_USER_PATHS = NO;
				CLANG_ANALYZER_NONNULL = YES;
				CLANG_ANALYZER_NUMBER_OBJECT_CONVERSION = YES_AGGRESSIVE;
				CLANG_CXX_LANGUAGE_STANDARD = "gnu++17";
				CLANG_CXX_LIBRARY = "libc++";
				CLANG_ENABLE_MODULES = YES;
				CLANG_ENABLE_OBJC_ARC = YES;
				CLANG_ENABLE_OBJC_WEAK = YES;
				CLANG_WARN_BLOCK_CAPTURE_AUTORELEASING = YES;
				CLANG_WARN_BOOL_CONVERSION = YES;
				CLANG_WARN_COMMA = YES;
				CLANG_WARN_CONSTANT_CONVERSION = YES;
				CLANG_WARN_DEPRECATED_OBJC_IMPLEMENTATIONS = YES;
				CLANG_WARN_DIRECT_OBJC_ISA_USAGE = YES_ERROR;
				CLANG_WARN_DOCUMENTATION_COMMENTS = YES;
				CLANG_WARN_EMPTY_BODY = YES;
				CLANG_WARN_ENUM_CONVERSION = YES;
				CLANG_WARN_INFINITE_RECURSION = YES;
				CLANG_WARN_INT_CONVERSION = YES;
				CLANG_WARN_NON_LITERAL_NULL_CONVERSION = YES;
				CLANG_WARN_OBJC_IMPLICIT_RETAIN_SELF = YES;
				CLANG_WARN_OBJC_LITERAL_CONVERSION = YES;
				CLANG_WARN_OBJC_ROOT_CLASS = YES_ERROR;
				CLANG_WARN_QUOTED_INCLUDE_IN_FRAMEWORK_HEADER = YES;
				CLANG_WARN_RANGE_LOOP_ANALYSIS = YES;
				CLANG_WARN_STRICT_PROTOTYPES = YES;
				CLANG_WARN_SUSPICIOUS_MOVE = YES;
				CLANG_WARN_UNGUARDED_AVAILABILITY = YES_AGGRESSIVE;
				CLANG_WARN_UNREACHABLE_CODE = YES;
				CLANG_WARN__DUPLICATE_METHOD_MATCH = YES;
				COPY_PHASE_STRIP = NO;
				DEBUG_INFORMATION_FORMAT = "dwarf-with-dsym";
				ENABLE_NS_ASSERTIONS = NO;
				ENABLE_STRICT_OBJC_MSGSEND = YES;
				GCC_C_LANGUAGE_STANDARD = gnu11;
				GCC_NO_COMMON_BLOCKS = YES;
				GCC_WARN_64_TO_32_BIT_CONVERSION = YES;
				GCC_WARN_ABOUT_RETURN_TYPE = YES_ERROR;
				GCC_WARN_UNDECLARED_SELECTOR = YES;
				GCC_WARN_UNINITIALIZED_AUTOS = YES_AGGRESSIVE;
				GCC_WARN_UNUSED_FUNCTION = YES;
				GCC_WARN_UNUSED_VARIABLE = YES;
				MACOSX_DEPLOYMENT_TARGET = 12.0;
				MTL_ENABLE_DEBUG_INFO = NO;
				MTL_FAST_MATH = YES;
				SDKROOT = macosx;
			};
			name = Release;
		};
		C63B87CE2751E9D100995B79 /* Debug */ = {
			isa = XCBuildConfiguration;
			buildSettings = {
				CODE_SIGN_STYLE = Automatic;
				PRODUCT_NAME = "$(TARGET_NAME)";
			};
			name = Debug;
		};
		C63B87CF2751E9D100995B79 /* Release */ = {
			isa = XCBuildConfiguration;
			buildSettings = {
				CODE_SIGN_STYLE = Automatic;
				PRODUCT_NAME = "$(TARGET_NAME)";
			};
			name = Release;
		};
/* End XCBuildConfiguration section */

/* Begin XCConfigurationList section */
		C63B87C12751E9D100995B79 /* Build configuration list for PBXProject "CCode" */ = {
			isa = XCConfigurationList;
			buildConfigurations = (
				C63B87CB2751E9D100995B79 /* Debug */,
				C63B87CC2751E9D100995B79 /* Release */,
			);
			defaultConfigurationIsVisible = 0;
			defaultConfigurationName = Release;
		};
		C63B87CD2751E9D100995B79 /* Build configuration list for PBXNativeTarget "CCode" */ = {
			isa = XCConfigurationList;
			buildConfigurations = (
				C63B87CE2751E9D100995B79 /* Debug */,
				C63B87CF2751E9D100995B79 /* Release */,
			);
			defaultConfigurationIsVisible = 0;
			defaultConfigurationName = Release;
		};
/* End XCConfigurationList section */
	};
	rootObject = C63B87BE2751E9D100995B79 /* Project object */;
}
